
Microsoft Visual Studio Solution File, Format Version 12.00
# Visual Studio Version 16
VisualStudioVersion = 16.0.29509.3
MinimumVisualStudioVersion = 10.0.40219.1
Project("{FAE04EC0-301F-11D3-BF4B-00C04F79EFBC}") = "FinalTaskClient", "FinalTaskClient\FinalTaskClient.csproj", "{FF13578B-885D-4E29-B2FC-7D55706A073D}"
EndProject
Project("{FAE04EC0-301F-11D3-BF4B-00C04F79EFBC}") = "CommonMVVM", "..\CommonMVVM\CommonMVVM\CommonMVVM.csproj", "{7B877517-1FFC-4CA8-99E0-787E6AC030C2}"
EndProject
Global
	GlobalSection(SolutionConfigurationPlatforms) = preSolution
		Debug|Any CPU = Debug|Any CPU
		Release|Any CPU = Release|Any CPU
	EndGlobalSection
	GlobalSection(ProjectConfigurationPlatforms) = postSolution
		{FF13578B-885D-4E29-B2FC-7D55706A073D}.Debug|Any CPU.ActiveCfg = Debug|Any CPU
		{FF13578B-885D-4E29-B2FC-7D55706A073D}.Debug|Any CPU.Build.0 = Debug|Any CPU
		{FF13578B-885D-4E29-B2FC-7D55706A073D}.Release|Any CPU.ActiveCfg = Release|Any CPU
		{FF13578B-885D-4E29-B2FC-7D55706A073D}.Release|Any CPU.Build.0 = Release|Any CPU
		{7B877517-1FFC-4CA8-99E0-787E6AC030C2}.Debug|Any CPU.ActiveCfg = Debug|Any CPU
		{7B877517-1FFC-4CA8-99E0-787E6AC030C2}.Debug|Any CPU.Build.0 = Debug|Any CPU
		{7B877517-1FFC-4CA8-99E0-787E6AC030C2}.Release|Any CPU.ActiveCfg = Release|Any CPU
		{7B877517-1FFC-4CA8-99E0-787E6AC030C2}.Release|Any CPU.Build.0 = Release|Any CPU
	EndGlobalSection
	GlobalSection(SolutionProperties) = preSolution
		HideSolutionNode = FALSE
	EndGlobalSection
	GlobalSection(ExtensibilityGlobals) = postSolution
		SolutionGuid = {5C8CA8FD-0390-482C-8C41-8466B03F5330}
	EndGlobalSection
EndGlobal
